
Microsoft Visual Studio Solution File, Format Version 12.00
# Visual Studio Version 17
VisualStudioVersion = 17.2.32516.85
MinimumVisualStudioVersion = 10.0.40219.1
Project("{FAE04EC0-301F-11D3-BF4B-00C04F79EFBC}") = "CSharpPython", "CSharpPython.csproj", "{C47A70CB-77D4-4955-9CC4-189BD1C580DE}"
EndProject
Global
	GlobalSection(SolutionConfigurationPlatforms) = preSolution
		Debug|Any CPU = Debug|Any CPU
		Release|Any CPU = Release|Any CPU
	EndGlobalSection
	GlobalSection(ProjectConfigurationPlatforms) = postSolution
		{C47A70CB-77D4-4955-9CC4-189BD1C580DE}.Debug|Any CPU.ActiveCfg = Debug|Any CPU
		{C47A70CB-77D4-4955-9CC4-189BD1C580DE}.Debug|Any CPU.Build.0 = Debug|Any CPU
		{C47A70CB-77D4-4955-9CC4-189BD1C580DE}.Release|Any CPU.ActiveCfg = Release|Any CPU
		{C47A70CB-77D4-4955-9CC4-189BD1C580DE}.Release|Any CPU.Build.0 = Release|Any CPU
	EndGlobalSection
	GlobalSection(SolutionProperties) = preSolution
		HideSolutionNode = FALSE
	EndGlobalSection
	GlobalSection(ExtensibilityGlobals) = postSolution
		SolutionGuid = {B945977B-DA38-4BBD-B6A2-270C3A692373}
	EndGlobalSection
EndGlobal
